// !$*UTF8*$!
{
	archiveVersion = 1;
	classes = {
	};
	objectVersion = 50;
	objects = {

/* Begin PBXBuildFile section */
		610A6AEC2266B3F40048E35F /* AppDelegate.swift in Sources */ = {isa = PBXBuildFile; fileRef = 610A6AEB2266B3F40048E35F /* AppDelegate.swift */; };
		610A6AF12266B3F40048E35F /* Main.storyboard in Resources */ = {isa = PBXBuildFile; fileRef = 610A6AEF2266B3F40048E35F /* Main.storyboard */; };
		610A6AF32266B3F50048E35F /* Assets.xcassets in Resources */ = {isa = PBXBuildFile; fileRef = 610A6AF22266B3F50048E35F /* Assets.xcassets */; };
		610A6AF62266B3F60048E35F /* LaunchScreen.storyboard in Resources */ = {isa = PBXBuildFile; fileRef = 610A6AF42266B3F60048E35F /* LaunchScreen.storyboard */; };
		610A6B012266B3F60048E35F /* mapKitTestTests.swift in Sources */ = {isa = PBXBuildFile; fileRef = 610A6B002266B3F60048E35F /* mapKitTestTests.swift */; };
		610A6B0C2266B3F60048E35F /* mapKitTestUITests.swift in Sources */ = {isa = PBXBuildFile; fileRef = 610A6B0B2266B3F60048E35F /* mapKitTestUITests.swift */; };
		610A6B1B2266B80B0048E35F /* CoreLocation.framework in Frameworks */ = {isa = PBXBuildFile; fileRef = 610A6B1A2266B80B0048E35F /* CoreLocation.framework */; };
		610A6B1D22696CF50048E35F /* SearchPlace.storyboard in Resources */ = {isa = PBXBuildFile; fileRef = 610A6B1C22696CF50048E35F /* SearchPlace.storyboard */; };
		610A6B1F22696D170048E35F /* SeatchPlaceViewController.swift in Sources */ = {isa = PBXBuildFile; fileRef = 610A6B1E22696D170048E35F /* SeatchPlaceViewController.swift */; };
		C265712C226B487900A87A11 /* ViewController.swift in Sources */ = {isa = PBXBuildFile; fileRef = C265712B226B487900A87A11 /* ViewController.swift */; };
/* End PBXBuildFile section */

/* Begin PBXContainerItemProxy section */
		610A6AFD2266B3F60048E35F /* PBXContainerItemProxy */ = {
			isa = PBXContainerItemProxy;
			containerPortal = 610A6AE02266B3F40048E35F /* Project object */;
			proxyType = 1;
			remoteGlobalIDString = 610A6AE72266B3F40048E35F;
			remoteInfo = mapKitTest;
		};
		610A6B082266B3F60048E35F /* PBXContainerItemProxy */ = {
			isa = PBXContainerItemProxy;
			containerPortal = 610A6AE02266B3F40048E35F /* Project object */;
			proxyType = 1;
			remoteGlobalIDString = 610A6AE72266B3F40048E35F;
			remoteInfo = mapKitTest;
		};
/* End PBXContainerItemProxy section */

/* Begin PBXFileReference section */
		610A6AE82266B3F40048E35F /* mapKitTest.app */ = {isa = PBXFileReference; explicitFileType = wrapper.application; includeInIndex = 0; path = mapKitTest.app; sourceTree = BUILT_PRODUCTS_DIR; };
		610A6AEB2266B3F40048E35F /* AppDelegate.swift */ = {isa = PBXFileReference; lastKnownFileType = sourcecode.swift; path = AppDelegate.swift; sourceTree = "<group>"; };
		610A6AF02266B3F40048E35F /* Base */ = {isa = PBXFileReference; lastKnownFileType = file.storyboard; name = Base; path = Base.lproj/Main.storyboard; sourceTree = "<group>"; };
		610A6AF22266B3F50048E35F /* Assets.xcassets */ = {isa = PBXFileReference; lastKnownFileType = folder.assetcatalog; path = Assets.xcassets; sourceTree = "<group>"; };
		610A6AF52266B3F60048E35F /* Base */ = {isa = PBXFileReference; lastKnownFileType = file.storyboard; name = Base; path = Base.lproj/LaunchScreen.storyboard; sourceTree = "<group>"; };
		610A6AF72266B3F60048E35F /* Info.plist */ = {isa = PBXFileReference; lastKnownFileType = text.plist.xml; path = Info.plist; sourceTree = "<group>"; };
		610A6AFC2266B3F60048E35F /* mapKitTestTests.xctest */ = {isa = PBXFileReference; explicitFileType = wrapper.cfbundle; includeInIndex = 0; path = mapKitTestTests.xctest; sourceTree = BUILT_PRODUCTS_DIR; };
		610A6B002266B3F60048E35F /* mapKitTestTests.swift */ = {isa = PBXFileReference; lastKnownFileType = sourcecode.swift; path = mapKitTestTests.swift; sourceTree = "<group>"; };
		610A6B022266B3F60048E35F /* Info.plist */ = {isa = PBXFileReference; lastKnownFileType = text.plist.xml; path = Info.plist; sourceTree = "<group>"; };
		610A6B072266B3F60048E35F /* mapKitTestUITests.xctest */ = {isa = PBXFileReference; explicitFileType = wrapper.cfbundle; includeInIndex = 0; path = mapKitTestUITests.xctest; sourceTree = BUILT_PRODUCTS_DIR; };
		610A6B0B2266B3F60048E35F /* mapKitTestUITests.swift */ = {isa = PBXFileReference; lastKnownFileType = sourcecode.swift; path = mapKitTestUITests.swift; sourceTree = "<group>"; };
		610A6B0D2266B3F60048E35F /* Info.plist */ = {isa = PBXFileReference; lastKnownFileType = text.plist.xml; path = Info.plist; sourceTree = "<group>"; };
		610A6B1A2266B80B0048E35F /* CoreLocation.framework */ = {isa = PBXFileReference; lastKnownFileType = wrapper.framework; name = CoreLocation.framework; path = System/Library/Frameworks/CoreLocation.framework; sourceTree = SDKROOT; };
		610A6B1C22696CF50048E35F /* SearchPlace.storyboard */ = {isa = PBXFileReference; lastKnownFileType = file.storyboard; path = SearchPlace.storyboard; sourceTree = "<group>"; };
		610A6B1E22696D170048E35F /* SeatchPlaceViewController.swift */ = {isa = PBXFileReference; lastKnownFileType = sourcecode.swift; path = SeatchPlaceViewController.swift; sourceTree = "<group>"; };
		C265712B226B487900A87A11 /* ViewController.swift */ = {isa = PBXFileReference; fileEncoding = 4; lastKnownFileType = sourcecode.swift; name = ViewController.swift; path = ../../../Downloads/ViewController.swift; sourceTree = "<group>"; };
/* End PBXFileReference section */

/* Begin PBXFrameworksBuildPhase section */
		610A6AE52266B3F40048E35F /* Frameworks */ = {
			isa = PBXFrameworksBuildPhase;
			buildActionMask = 2147483647;
			files = (
				610A6B1B2266B80B0048E35F /* CoreLocation.framework in Frameworks */,
			);
			runOnlyForDeploymentPostprocessing = 0;
		};
		610A6AF92266B3F60048E35F /* Frameworks */ = {
			isa = PBXFrameworksBuildPhase;
			buildActionMask = 2147483647;
			files = (
			);
			runOnlyForDeploymentPostprocessing = 0;
		};
		610A6B042266B3F60048E35F /* Frameworks */ = {
			isa = PBXFrameworksBuildPhase;
			buildActionMask = 2147483647;
			files = (
			);
			runOnlyForDeploymentPostprocessing = 0;
		};
/* End PBXFrameworksBuildPhase section */

/* Begin PBXGroup section */
		610A6ADF2266B3F40048E35F = {
			isa = PBXGroup;
			children = (
				610A6AEA2266B3F40048E35F /* mapKitTest */,
				610A6AFF2266B3F60048E35F /* mapKitTestTests */,
				610A6B0A2266B3F60048E35F /* mapKitTestUITests */,
				610A6AE92266B3F40048E35F /* Products */,
				610A6B192266B80B0048E35F /* Frameworks */,
			);
			sourceTree = "<group>";
		};
		610A6AE92266B3F40048E35F /* Products */ = {
			isa = PBXGroup;
			children = (
				610A6AE82266B3F40048E35F /* mapKitTest.app */,
				610A6AFC2266B3F60048E35F /* mapKitTestTests.xctest */,
				610A6B072266B3F60048E35F /* mapKitTestUITests.xctest */,
			);
			name = Products;
			sourceTree = "<group>";
		};
		610A6AEA2266B3F40048E35F /* mapKitTest */ = {
			isa = PBXGroup;
			children = (
				C265712B226B487900A87A11 /* ViewController.swift */,
				610A6AEB2266B3F40048E35F /* AppDelegate.swift */,
				610A6B1E22696D170048E35F /* SeatchPlaceViewController.swift */,
				610A6AEF2266B3F40048E35F /* Main.storyboard */,
				610A6B1C22696CF50048E35F /* SearchPlace.storyboard */,
				610A6AF22266B3F50048E35F /* Assets.xcassets */,
				610A6AF42266B3F60048E35F /* LaunchScreen.storyboard */,
				610A6AF72266B3F60048E35F /* Info.plist */,
			);
			path = mapKitTest;
			sourceTree = "<group>";
		};
		610A6AFF2266B3F60048E35F /* mapKitTestTests */ = {
			isa = PBXGroup;
			children = (
				610A6B002266B3F60048E35F /* mapKitTestTests.swift */,
				610A6B022266B3F60048E35F /* Info.plist */,
			);
			path = mapKitTestTests;
			sourceTree = "<group>";
		};
		610A6B0A2266B3F60048E35F /* mapKitTestUITests */ = {
			isa = PBXGroup;
			children = (
				610A6B0B2266B3F60048E35F /* mapKitTestUITests.swift */,
				610A6B0D2266B3F60048E35F /* Info.plist */,
			);
			path = mapKitTestUITests;
			sourceTree = "<group>";
		};
		610A6B192266B80B0048E35F /* Frameworks */ = {
			isa = PBXGroup;
			children = (
				610A6B1A2266B80B0048E35F /* CoreLocation.framework */,
			);
			name = Frameworks;
			sourceTree = "<group>";
		};
/* End PBXGroup section */

/* Begin PBXNativeTarget section */
		610A6AE72266B3F40048E35F /* mapKitTest */ = {
			isa = PBXNativeTarget;
			buildConfigurationList = 610A6B102266B3F60048E35F /* Build configuration list for PBXNativeTarget "mapKitTest" */;
			buildPhases = (
				610A6AE42266B3F40048E35F /* Sources */,
				610A6AE52266B3F40048E35F /* Frameworks */,
				610A6AE62266B3F40048E35F /* Resources */,
			);
			buildRules = (
			);
			dependencies = (
			);
			name = mapKitTest;
			productName = mapKitTest;
			productReference = 610A6AE82266B3F40048E35F /* mapKitTest.app */;
			productType = "com.apple.product-type.application";
		};
		610A6AFB2266B3F60048E35F /* mapKitTestTests */ = {
			isa = PBXNativeTarget;
			buildConfigurationList = 610A6B132266B3F60048E35F /* Build configuration list for PBXNativeTarget "mapKitTestTests" */;
			buildPhases = (
				610A6AF82266B3F60048E35F /* Sources */,
				610A6AF92266B3F60048E35F /* Frameworks */,
				610A6AFA2266B3F60048E35F /* Resources */,
			);
			buildRules = (
			);
			dependencies = (
				610A6AFE2266B3F60048E35F /* PBXTargetDependency */,
			);
			name = mapKitTestTests;
			productName = mapKitTestTests;
			productReference = 610A6AFC2266B3F60048E35F /* mapKitTestTests.xctest */;
			productType = "com.apple.product-type.bundle.unit-test";
		};
		610A6B062266B3F60048E35F /* mapKitTestUITests */ = {
			isa = PBXNativeTarget;
			buildConfigurationList = 610A6B162266B3F60048E35F /* Build configuration list for PBXNativeTarget "mapKitTestUITests" */;
			buildPhases = (
				610A6B032266B3F60048E35F /* Sources */,
				610A6B042266B3F60048E35F /* Frameworks */,
				610A6B052266B3F60048E35F /* Resources */,
			);
			buildRules = (
			);
			dependencies = (
				610A6B092266B3F60048E35F /* PBXTargetDependency */,
			);
			name = mapKitTestUITests;
			productName = mapKitTestUITests;
			productReference = 610A6B072266B3F60048E35F /* mapKitTestUITests.xctest */;
			productType = "com.apple.product-type.bundle.ui-testing";
		};
/* End PBXNativeTarget section */

/* Begin PBXProject section */
		610A6AE02266B3F40048E35F /* Project object */ = {
			isa = PBXProject;
			attributes = {
				LastSwiftUpdateCheck = 1010;
				LastUpgradeCheck = 1010;
				ORGANIZATIONNAME = "uncode,Inc";
				TargetAttributes = {
					610A6AE72266B3F40048E35F = {
						CreatedOnToolsVersion = 10.1;
					};
					610A6AFB2266B3F60048E35F = {
						CreatedOnToolsVersion = 10.1;
						TestTargetID = 610A6AE72266B3F40048E35F;
					};
					610A6B062266B3F60048E35F = {
						CreatedOnToolsVersion = 10.1;
						TestTargetID = 610A6AE72266B3F40048E35F;
					};
				};
			};
			buildConfigurationList = 610A6AE32266B3F40048E35F /* Build configuration list for PBXProject "mapKitTest" */;
			compatibilityVersion = "Xcode 9.3";
			developmentRegion = en;
			hasScannedForEncodings = 0;
			knownRegions = (
				en,
				Base,
			);
			mainGroup = 610A6ADF2266B3F40048E35F;
			productRefGroup = 610A6AE92266B3F40048E35F /* Products */;
			projectDirPath = "";
			projectRoot = "";
			targets = (
				610A6AE72266B3F40048E35F /* mapKitTest */,
				610A6AFB2266B3F60048E35F /* mapKitTestTests */,
				610A6B062266B3F60048E35F /* mapKitTestUITests */,
			);
		};
/* End PBXProject section */

/* Begin PBXResourcesBuildPhase section */
		610A6AE62266B3F40048E35F /* Resources */ = {
			isa = PBXResourcesBuildPhase;
			buildActionMask = 2147483647;
			files = (
				610A6B1D22696CF50048E35F /* SearchPlace.storyboard in Resources */,
				610A6AF62266B3F60048E35F /* LaunchScreen.storyboard in Resources */,
				610A6AF32266B3F50048E35F /* Assets.xcassets in Resources */,
				610A6AF12266B3F40048E35F /* Main.storyboard in Resources */,
			);
			runOnlyForDeploymentPostprocessing = 0;
		};
		610A6AFA2266B3F60048E35F /* Resources */ = {
			isa = PBXResourcesBuildPhase;
			buildActionMask = 2147483647;
			files = (
			);
			runOnlyForDeploymentPostprocessing = 0;
		};
		610A6B052266B3F60048E35F /* Resources */ = {
			isa = PBXResourcesBuildPhase;
			buildActionMask = 2147483647;
			files = (
			);
			runOnlyForDeploymentPostprocessing = 0;
		};
/* End PBXResourcesBuildPhase section */

/* Begin PBXSourcesBuildPhase section */
		610A6AE42266B3F40048E35F /* Sources */ = {
			isa = PBXSourcesBuildPhase;
			buildActionMask = 2147483647;
			files = (
				C265712C226B487900A87A11 /* ViewController.swift in Sources */,
				610A6B1F22696D170048E35F /* SeatchPlaceViewController.swift in Sources */,
				610A6AEC2266B3F40048E35F /* AppDelegate.swift in Sources */,
			);
			runOnlyForDeploymentPostprocessing = 0;
		};
		610A6AF82266B3F60048E35F /* Sources */ = {
			isa = PBXSourcesBuildPhase;
			buildActionMask = 2147483647;
			files = (
				610A6B012266B3F60048E35F /* mapKitTestTests.swift in Sources */,
			);
			runOnlyForDeploymentPostprocessing = 0;
		};
		610A6B032266B3F60048E35F /* Sources */ = {
			isa = PBXSourcesBuildPhase;
			buildActionMask = 2147483647;
			files = (
				610A6B0C2266B3F60048E35F /* mapKitTestUITests.swift in Sources */,
			);
			runOnlyForDeploymentPostprocessing = 0;
		};
/* End PBXSourcesBuildPhase section */

/* Begin PBXTargetDependency section */
		610A6AFE2266B3F60048E35F /* PBXTargetDependency */ = {
			isa = PBXTargetDependency;
			target = 610A6AE72266B3F40048E35F /* mapKitTest */;
			targetProxy = 610A6AFD2266B3F60048E35F /* PBXContainerItemProxy */;
		};
		610A6B092266B3F60048E35F /* PBXTargetDependency */ = {
			isa = PBXTargetDependency;
			target = 610A6AE72266B3F40048E35F /* mapKitTest */;
			targetProxy = 610A6B082266B3F60048E35F /* PBXContainerItemProxy */;
		};
/* End PBXTargetDependency section */

/* Begin PBXVariantGroup section */
		610A6AEF2266B3F40048E35F /* Main.storyboard */ = {
			isa = PBXVariantGroup;
			children = (
				610A6AF02266B3F40048E35F /* Base */,
			);
			name = Main.storyboard;
			sourceTree = "<group>";
		};
		610A6AF42266B3F60048E35F /* LaunchScreen.storyboard */ = {
			isa = PBXVariantGroup;
			children = (
				610A6AF52266B3F60048E35F /* Base */,
			);
			name = LaunchScreen.storyboard;
			sourceTree = "<group>";
		};
/* End PBXVariantGroup section */

/* Begin XCBuildConfiguration section */
		610A6B0E2266B3F60048E35F /* Debug */ = {
			isa = XCBuildConfiguration;
			buildSettings = {
				ALWAYS_SEARCH_USER_PATHS = NO;
				CLANG_ANALYZER_NONNULL = YES;
				CLANG_ANALYZER_NUMBER_OBJECT_CONVERSION = YES_AGGRESSIVE;
				CLANG_CXX_LANGUAGE_STANDARD = "gnu++14";
				CLANG_CXX_LIBRARY = "libc++";
				CLANG_ENABLE_MODULES = YES;
				CLANG_ENABLE_OBJC_ARC = YES;
				CLANG_ENABLE_OBJC_WEAK = YES;
				CLANG_WARN_BLOCK_CAPTURE_AUTORELEASING = YES;
				CLANG_WARN_BOOL_CONVERSION = YES;
				CLANG_WARN_COMMA = YES;
				CLANG_WARN_CONSTANT_CONVERSION = YES;
				CLANG_WARN_DEPRECATED_OBJC_IMPLEMENTATIONS = YES;
				CLANG_WARN_DIRECT_OBJC_ISA_USAGE = YES_ERROR;
				CLANG_WARN_DOCUMENTATION_COMMENTS = YES;
				CLANG_WARN_EMPTY_BODY = YES;
				CLANG_WARN_ENUM_CONVERSION = YES;
				CLANG_WARN_INFINITE_RECURSION = YES;
				CLANG_WARN_INT_CONVERSION = YES;
				CLANG_WARN_NON_LITERAL_NULL_CONVERSION = YES;
				CLANG_WARN_OBJC_IMPLICIT_RETAIN_SELF = YES;
				CLANG_WARN_OBJC_LITERAL_CONVERSION = YES;
				CLANG_WARN_OBJC_ROOT_CLASS = YES_ERROR;
				CLANG_WARN_RANGE_LOOP_ANALYSIS = YES;
				CLANG_WARN_STRICT_PROTOTYPES = YES;
				CLANG_WARN_SUSPICIOUS_MOVE = YES;
				CLANG_WARN_UNGUARDED_AVAILABILITY = YES_AGGRESSIVE;
				CLANG_WARN_UNREACHABLE_CODE = YES;
				CLANG_WARN__DUPLICATE_METHOD_MATCH = YES;
				CODE_SIGN_IDENTITY = "iPhone Developer";
				COPY_PHASE_STRIP = NO;
				DEBUG_INFORMATION_FORMAT = dwarf;
				ENABLE_STRICT_OBJC_MSGSEND = YES;
				ENABLE_TESTABILITY = YES;
				GCC_C_LANGUAGE_STANDARD = gnu11;
				GCC_DYNAMIC_NO_PIC = NO;
				GCC_NO_COMMON_BLOCKS = YES;
				GCC_OPTIMIZATION_LEVEL = 0;
				GCC_PREPROCESSOR_DEFINITIONS = (
					"DEBUG=1",
					"$(inherited)",
				);
				GCC_WARN_64_TO_32_BIT_CONVERSION = YES;
				GCC_WARN_ABOUT_RETURN_TYPE = YES_ERROR;
				GCC_WARN_UNDECLARED_SELECTOR = YES;
				GCC_WARN_UNINITIALIZED_AUTOS = YES_AGGRESSIVE;
				GCC_WARN_UNUSED_FUNCTION = YES;
				GCC_WARN_UNUSED_VARIABLE = YES;
				IPHONEOS_DEPLOYMENT_TARGET = 12.1;
				MTL_ENABLE_DEBUG_INFO = INCLUDE_SOURCE;
				MTL_FAST_MATH = YES;
				ONLY_ACTIVE_ARCH = YES;
				SDKROOT = iphoneos;
				SWIFT_ACTIVE_COMPILATION_CONDITIONS = DEBUG;
				SWIFT_OPTIMIZATION_LEVEL = "-Onone";
			};
			name = Debug;
		};
		610A6B0F2266B3F60048E35F /* Release */ = {
			isa = XCBuildConfiguration;
			buildSettings = {
				ALWAYS_SEARCH_USER_PATHS = NO;
				CLANG_ANALYZER_NONNULL = YES;
				CLANG_ANALYZER_NUMBER_OBJECT_CONVERSION = YES_AGGRESSIVE;
				CLANG_CXX_LANGUAGE_STANDARD = "gnu++14";
				CLANG_CXX_LIBRARY = "libc++";
				CLANG_ENABLE_MODULES = YES;
				CLANG_ENABLE_OBJC_ARC = YES;
				CLANG_ENABLE_OBJC_WEAK = YES;
				CLANG_WARN_BLOCK_CAPTURE_AUTORELEASING = YES;
				CLANG_WARN_BOOL_CONVERSION = YES;
				CLANG_WARN_COMMA = YES;
				CLANG_WARN_CONSTANT_CONVERSION = YES;
				CLANG_WARN_DEPRECATED_OBJC_IMPLEMENTATIONS = YES;
				CLANG_WARN_DIRECT_OBJC_ISA_USAGE = YES_ERROR;
				CLANG_WARN_DOCUMENTATION_COMMENTS = YES;
				CLANG_WARN_EMPTY_BODY = YES;
				CLANG_WARN_ENUM_CONVERSION = YES;
				CLANG_WARN_INFINITE_RECURSION = YES;
				CLANG_WARN_INT_CONVERSION = YES;
				CLANG_WARN_NON_LITERAL_NULL_CONVERSION = YES;
				CLANG_WARN_OBJC_IMPLICIT_RETAIN_SELF = YES;
				CLANG_WARN_OBJC_LITERAL_CONVERSION = YES;
				CLANG_WARN_OBJC_ROOT_CLASS = YES_ERROR;
				CLANG_WARN_RANGE_LOOP_ANALYSIS = YES;
				CLANG_WARN_STRICT_PROTOTYPES = YES;
				CLANG_WARN_SUSPICIOUS_MOVE = YES;
				CLANG_WARN_UNGUARDED_AVAILABILITY = YES_AGGRESSIVE;
				CLANG_WARN_UNREACHABLE_CODE = YES;
				CLANG_WARN__DUPLICATE_METHOD_MATCH = YES;
				CODE_SIGN_IDENTITY = "iPhone Developer";
				COPY_PHASE_STRIP = NO;
				DEBUG_INFORMATION_FORMAT = "dwarf-with-dsym";
				ENABLE_NS_ASSERTIONS = NO;
				ENABLE_STRICT_OBJC_MSGSEND = YES;
				GCC_C_LANGUAGE_STANDARD = gnu11;
				GCC_NO_COMMON_BLOCKS = YES;
				GCC_WARN_64_TO_32_BIT_CONVERSION = YES;
				GCC_WARN_ABOUT_RETURN_TYPE = YES_ERROR;
				GCC_WARN_UNDECLARED_SELECTOR = YES;
				GCC_WARN_UNINITIALIZED_AUTOS = YES_AGGRESSIVE;
				GCC_WARN_UNUSED_FUNCTION = YES;
				GCC_WARN_UNUSED_VARIABLE = YES;
				IPHONEOS_DEPLOYMENT_TARGET = 12.1;
				MTL_ENABLE_DEBUG_INFO = NO;
				MTL_FAST_MATH = YES;
				SDKROOT = iphoneos;
				SWIFT_COMPILATION_MODE = wholemodule;
				SWIFT_OPTIMIZATION_LEVEL = "-O";
				VALIDATE_PRODUCT = YES;
			};
			name = Release;
		};
		610A6B112266B3F60048E35F /* Debug */ = {
			isa = XCBuildConfiguration;
			buildSettings = {
				ASSETCATALOG_COMPILER_APPICON_NAME = AppIcon;
				CODE_SIGN_STYLE = Automatic;
				DEVELOPMENT_TEAM = 85SZGM9235;
				INFOPLIST_FILE = mapKitTest/Info.plist;
				IPHONEOS_DEPLOYMENT_TARGET = 11.0;
				LD_RUNPATH_SEARCH_PATHS = (
					"$(inherited)",
					"@executable_path/Frameworks",
				);
				PRODUCT_BUNDLE_IDENTIFIER = Inc.uncode.mapKitTest;
				PRODUCT_NAME = "$(TARGET_NAME)";
				SWIFT_VERSION = 4.2;
				TARGETED_DEVICE_FAMILY = "1,2";
			};
			name = Debug;
		};
		610A6B122266B3F60048E35F /* Release */ = {
			isa = XCBuildConfiguration;
			buildSettings = {
				ASSETCATALOG_COMPILER_APPICON_NAME = AppIcon;
				CODE_SIGN_STYLE = Automatic;
				DEVELOPMENT_TEAM = 85SZGM9235;
				INFOPLIST_FILE = mapKitTest/Info.plist;
				IPHONEOS_DEPLOYMENT_TARGET = 11.0;
				LD_RUNPATH_SEARCH_PATHS = (
					"$(inherited)",
					"@executable_path/Frameworks",
				);
				PRODUCT_BUNDLE_IDENTIFIER = Inc.uncode.mapKitTest;
				PRODUCT_NAME = "$(TARGET_NAME)";
				SWIFT_VERSION = 4.2;
				TARGETED_DEVICE_FAMILY = "1,2";
			};
			name = Release;
		};
		610A6B142266B3F60048E35F /* Debug */ = {
			isa = XCBuildConfiguration;
			buildSettings = {
				ALWAYS_EMBED_SWIFT_STANDARD_LIBRARIES = YES;
				BUNDLE_LOADER = "$(TEST_HOST)";
				CODE_SIGN_STYLE = Automatic;
				INFOPLIST_FILE = mapKitTestTests/Info.plist;
				LD_RUNPATH_SEARCH_PATHS = (
					"$(inherited)",
					"@executable_path/Frameworks",
					"@loader_path/Frameworks",
				);
				PRODUCT_BUNDLE_IDENTIFIER = jp.co.uncode.mapKitTestTests;
				PRODUCT_NAME = "$(TARGET_NAME)";
				SWIFT_VERSION = 4.2;
				TARGETED_DEVICE_FAMILY = "1,2";
				TEST_HOST = "$(BUILT_PRODUCTS_DIR)/mapKitTest.app/mapKitTest";
			};
			name = Debug;
		};
		610A6B152266B3F60048E35F /* Release */ = {
			isa = XCBuildConfiguration;
			buildSettings = {
				ALWAYS_EMBED_SWIFT_STANDARD_LIBRARIES = YES;
				BUNDLE_LOADER = "$(TEST_HOST)";
				CODE_SIGN_STYLE = Automatic;
				INFOPLIST_FILE = mapKitTestTests/Info.plist;
				LD_RUNPATH_SEARCH_PATHS = (
					"$(inherited)",
					"@executable_path/Frameworks",
					"@loader_path/Frameworks",
				);
				PRODUCT_BUNDLE_IDENTIFIER = jp.co.uncode.mapKitTestTests;
				PRODUCT_NAME = "$(TARGET_NAME)";
				SWIFT_VERSION = 4.2;
				TARGETED_DEVICE_FAMILY = "1,2";
				TEST_HOST = "$(BUILT_PRODUCTS_DIR)/mapKitTest.app/mapKitTest";
			};
			name = Release;
		};
		610A6B172266B3F60048E35F /* Debug */ = {
			isa = XCBuildConfiguration;
			buildSettings = {
				ALWAYS_EMBED_SWIFT_STANDARD_LIBRARIES = YES;
				CODE_SIGN_STYLE = Automatic;
				INFOPLIST_FILE = mapKitTestUITests/Info.plist;
				LD_RUNPATH_SEARCH_PATHS = (
					"$(inherited)",
					"@executable_path/Frameworks",
					"@loader_path/Frameworks",
				);
				PRODUCT_BUNDLE_IDENTIFIER = jp.co.uncode.mapKitTestUITests;
				PRODUCT_NAME = "$(TARGET_NAME)";
				SWIFT_VERSION = 4.2;
				TARGETED_DEVICE_FAMILY = "1,2";
				TEST_TARGET_NAME = mapKitTest;
			};
			name = Debug;
		};
		610A6B182266B3F60048E35F /* Release */ = {
			isa = XCBuildConfiguration;
			buildSettings = {
				ALWAYS_EMBED_SWIFT_STANDARD_LIBRARIES = YES;
				CODE_SIGN_STYLE = Automatic;
				INFOPLIST_FILE = mapKitTestUITests/Info.plist;
				LD_RUNPATH_SEARCH_PATHS = (
					"$(inherited)",
					"@executable_path/Frameworks",
					"@loader_path/Frameworks",
				);
				PRODUCT_BUNDLE_IDENTIFIER = jp.co.uncode.mapKitTestUITests;
				PRODUCT_NAME = "$(TARGET_NAME)";
				SWIFT_VERSION = 4.2;
				TARGETED_DEVICE_FAMILY = "1,2";
				TEST_TARGET_NAME = mapKitTest;
			};
			name = Release;
		};
/* End XCBuildConfiguration section */

/* Begin XCConfigurationList section */
		610A6AE32266B3F40048E35F /* Build configuration list for PBXProject "mapKitTest" */ = {
			isa = XCConfigurationList;
			buildConfigurations = (
				610A6B0E2266B3F60048E35F /* Debug */,
				610A6B0F2266B3F60048E35F /* Release */,
			);
			defaultConfigurationIsVisible = 0;
			defaultConfigurationName = Release;
		};
		610A6B102266B3F60048E35F /* Build configuration list for PBXNativeTarget "mapKitTest" */ = {
			isa = XCConfigurationList;
			buildConfigurations = (
				610A6B112266B3F60048E35F /* Debug */,
				610A6B122266B3F60048E35F /* Release */,
			);
			defaultConfigurationIsVisible = 0;
			defaultConfigurationName = Release;
		};
		610A6B132266B3F60048E35F /* Build configuration list for PBXNativeTarget "mapKitTestTests" */ = {
			isa = XCConfigurationList;
			buildConfigurations = (
				610A6B142266B3F60048E35F /* Debug */,
				610A6B152266B3F60048E35F /* Release */,
			);
			defaultConfigurationIsVisible = 0;
			defaultConfigurationName = Release;
		};
		610A6B162266B3F60048E35F /* Build configuration list for PBXNativeTarget "mapKitTestUITests" */ = {
			isa = XCConfigurationList;
			buildConfigurations = (
				610A6B172266B3F60048E35F /* Debug */,
				610A6B182266B3F60048E35F /* Release */,
			);
			defaultConfigurationIsVisible = 0;
			defaultConfigurationName = Release;
		};
/* End XCConfigurationList section */
	};
	rootObject = 610A6AE02266B3F40048E35F /* Project object */;
}
